
Microsoft Visual Studio Solution File, Format Version 11.00
# Visual Studio 2010
Project("{FAE04EC0-301F-11D3-BF4B-00C04F79EFBC}") = "Assembly-CSharp", "Assembly-CSharp.csproj", "{acba5bca-9cd1-8603-b0ac-5ea707b01714}"
EndProject
Project("{FAE04EC0-301F-11D3-BF4B-00C04F79EFBC}") = "HG.DeferredDecals.Runtime", "HG.DeferredDecals.Runtime.csproj", "{36d15e4e-ae17-2c33-2317-d351c0872350}"
EndProject
Project("{FAE04EC0-301F-11D3-BF4B-00C04F79EFBC}") = "Assembly-CSharp-Editor", "Assembly-CSharp-Editor.csproj", "{efddeb16-3b82-e5de-1843-c6bb725da54d}"
EndProject
Project("{FAE04EC0-301F-11D3-BF4B-00C04F79EFBC}") = "HG.DeferredDecals.Editor", "HG.DeferredDecals.Editor.csproj", "{64c76988-6b68-b2a6-e6ac-bbca9bb6ff08}"
EndProject
Global
	GlobalSection(SolutionConfigurationPlatforms) = preSolution
		Debug|Any CPU = Debug|Any CPU
	EndGlobalSection
	GlobalSection(ProjectConfigurationPlatforms) = postSolution
		{acba5bca-9cd1-8603-b0ac-5ea707b01714}.Debug|Any CPU.ActiveCfg = Debug|Any CPU
		{acba5bca-9cd1-8603-b0ac-5ea707b01714}.Debug|Any CPU.Build.0 = Debug|Any CPU
		{36d15e4e-ae17-2c33-2317-d351c0872350}.Debug|Any CPU.ActiveCfg = Debug|Any CPU
		{36d15e4e-ae17-2c33-2317-d351c0872350}.Debug|Any CPU.Build.0 = Debug|Any CPU
		{efddeb16-3b82-e5de-1843-c6bb725da54d}.Debug|Any CPU.ActiveCfg = Debug|Any CPU
		{efddeb16-3b82-e5de-1843-c6bb725da54d}.Debug|Any CPU.Build.0 = Debug|Any CPU
		{64c76988-6b68-b2a6-e6ac-bbca9bb6ff08}.Debug|Any CPU.ActiveCfg = Debug|Any CPU
		{64c76988-6b68-b2a6-e6ac-bbca9bb6ff08}.Debug|Any CPU.Build.0 = Debug|Any CPU
	EndGlobalSection
	GlobalSection(SolutionProperties) = preSolution
		HideSolutionNode = FALSE
	EndGlobalSection
EndGlobal
